{
  "name": "01_exercises",
  "lockfileVersion": 3,
  "requires": true,
  "packages": {
    "": {
      "dependencies": {
        "azd": "^0.0.1"
      }
    },
    "node_modules/azd": {
      "version": "0.0.1",
      "resolved": "https://registry.npmjs.org/azd/-/azd-0.0.1.tgz",
      "integrity": "sha512-Wr2cB4lGl4fmqqnGylN7cD2l7n+A1kHYozvHzyXJw5lGzrx1UgpEIkFBDCe4XhwXohNbYgeHqkTgHNo4sLYgKw==",
      "license": "ISC"
    }
  }
}
